
Microsoft Visual Studio Solution File, Format Version 12.00
# Visual Studio Version 17
VisualStudioVersion = 17.14.36408.4
MinimumVisualStudioVersion = 10.0.40219.1
Project("{FAE04EC0-301F-11D3-BF4B-00C04F79EFBC}") = "Endless Runner", "Endless Runner.csproj", "{17BD1692-09B8-4A00-BA10-9481F1D9C793}"
EndProject
Project("{FAE04EC0-301F-11D3-BF4B-00C04F79EFBC}") = "Game Library", "..\Game Library\Project1\Game Library.csproj", "{B20DCACA-E615-53BB-F2BE-45F10A596E7D}"
EndProject
Global
	GlobalSection(SolutionConfigurationPlatforms) = preSolution
		Debug|Any CPU = Debug|Any CPU
		Debug|x64 = Debug|x64
		Release|Any CPU = Release|Any CPU
		Release|x64 = Release|x64
	EndGlobalSection
	GlobalSection(ProjectConfigurationPlatforms) = postSolution
		{17BD1692-09B8-4A00-BA10-9481F1D9C793}.Debug|Any CPU.ActiveCfg = Debug|Any CPU
		{17BD1692-09B8-4A00-BA10-9481F1D9C793}.Debug|Any CPU.Build.0 = Debug|Any CPU
		{17BD1692-09B8-4A00-BA10-9481F1D9C793}.Debug|x64.ActiveCfg = Debug|x64
		{17BD1692-09B8-4A00-BA10-9481F1D9C793}.Debug|x64.Build.0 = Debug|x64
		{17BD1692-09B8-4A00-BA10-9481F1D9C793}.Release|Any CPU.ActiveCfg = Release|Any CPU
		{17BD1692-09B8-4A00-BA10-9481F1D9C793}.Release|Any CPU.Build.0 = Release|Any CPU
		{17BD1692-09B8-4A00-BA10-9481F1D9C793}.Release|x64.ActiveCfg = Release|x64
		{17BD1692-09B8-4A00-BA10-9481F1D9C793}.Release|x64.Build.0 = Release|x64
		{B20DCACA-E615-53BB-F2BE-45F10A596E7D}.Debug|Any CPU.ActiveCfg = Debug|Any CPU
		{B20DCACA-E615-53BB-F2BE-45F10A596E7D}.Debug|Any CPU.Build.0 = Debug|Any CPU
		{B20DCACA-E615-53BB-F2BE-45F10A596E7D}.Debug|x64.ActiveCfg = Debug|x64
		{B20DCACA-E615-53BB-F2BE-45F10A596E7D}.Debug|x64.Build.0 = Debug|x64
		{B20DCACA-E615-53BB-F2BE-45F10A596E7D}.Release|Any CPU.ActiveCfg = Release|Any CPU
		{B20DCACA-E615-53BB-F2BE-45F10A596E7D}.Release|Any CPU.Build.0 = Release|Any CPU
		{B20DCACA-E615-53BB-F2BE-45F10A596E7D}.Release|x64.ActiveCfg = Release|Any CPU
		{B20DCACA-E615-53BB-F2BE-45F10A596E7D}.Release|x64.Build.0 = Release|Any CPU
	EndGlobalSection
	GlobalSection(SolutionProperties) = preSolution
		HideSolutionNode = FALSE
	EndGlobalSection
	GlobalSection(ExtensibilityGlobals) = postSolution
		SolutionGuid = {F3877461-9225-4814-9E2C-D5612D4C4FFD}
	EndGlobalSection
EndGlobal
